
Microsoft Visual Studio Solution File, Format Version 12.00
# Visual Studio Version 17
VisualStudioVersion = 17.13.35931.197 d17.13
MinimumVisualStudioVersion = 10.0.40219.1
Project("{FAE04EC0-301F-11D3-BF4B-00C04F79EFBC}") = "Exercício1", "Exercício1\Exercício1.csproj", "{1C6FCD19-2D79-490C-B1AB-2A8FE411FE36}"
EndProject
Global
	GlobalSection(SolutionConfigurationPlatforms) = preSolution
		Debug|Any CPU = Debug|Any CPU
		Release|Any CPU = Release|Any CPU
	EndGlobalSection
	GlobalSection(ProjectConfigurationPlatforms) = postSolution
		{1C6FCD19-2D79-490C-B1AB-2A8FE411FE36}.Debug|Any CPU.ActiveCfg = Debug|Any CPU
		{1C6FCD19-2D79-490C-B1AB-2A8FE411FE36}.Debug|Any CPU.Build.0 = Debug|Any CPU
		{1C6FCD19-2D79-490C-B1AB-2A8FE411FE36}.Release|Any CPU.ActiveCfg = Release|Any CPU
		{1C6FCD19-2D79-490C-B1AB-2A8FE411FE36}.Release|Any CPU.Build.0 = Release|Any CPU
	EndGlobalSection
	GlobalSection(SolutionProperties) = preSolution
		HideSolutionNode = FALSE
	EndGlobalSection
	GlobalSection(ExtensibilityGlobals) = postSolution
		SolutionGuid = {6B4E0DF7-0463-4734-8E0E-7F7F12F985E6}
	EndGlobalSection
EndGlobal
